
Microsoft Visual Studio Solution File, Format Version 12.00
# Visual Studio Version 16
VisualStudioVersion = 16.0.30523.141
MinimumVisualStudioVersion = 10.0.40219.1
Project("{9A19103F-16F7-4668-BE54-9A1E7A4F7556}") = "CopaFilmesAPI", "CopaFilmesAPI\CopaFilmesAPI.csproj", "{82E3321B-689A-4148-8019-984528953CD5}"
EndProject
Project("{9A19103F-16F7-4668-BE54-9A1E7A4F7556}") = "CopaFilmesTeste", "CopaFilmesTeste\CopaFilmesTeste\CopaFilmesTeste.csproj", "{747F3424-2D00-4CE3-BD1A-5C99EB9D251C}"
EndProject
Global
	GlobalSection(SolutionConfigurationPlatforms) = preSolution
		Debug|Any CPU = Debug|Any CPU
		Release|Any CPU = Release|Any CPU
	EndGlobalSection
	GlobalSection(ProjectConfigurationPlatforms) = postSolution
		{82E3321B-689A-4148-8019-984528953CD5}.Debug|Any CPU.ActiveCfg = Debug|Any CPU
		{82E3321B-689A-4148-8019-984528953CD5}.Debug|Any CPU.Build.0 = Debug|Any CPU
		{82E3321B-689A-4148-8019-984528953CD5}.Release|Any CPU.ActiveCfg = Release|Any CPU
		{82E3321B-689A-4148-8019-984528953CD5}.Release|Any CPU.Build.0 = Release|Any CPU
		{747F3424-2D00-4CE3-BD1A-5C99EB9D251C}.Debug|Any CPU.ActiveCfg = Debug|Any CPU
		{747F3424-2D00-4CE3-BD1A-5C99EB9D251C}.Debug|Any CPU.Build.0 = Debug|Any CPU
		{747F3424-2D00-4CE3-BD1A-5C99EB9D251C}.Release|Any CPU.ActiveCfg = Release|Any CPU
		{747F3424-2D00-4CE3-BD1A-5C99EB9D251C}.Release|Any CPU.Build.0 = Release|Any CPU
	EndGlobalSection
	GlobalSection(SolutionProperties) = preSolution
		HideSolutionNode = FALSE
	EndGlobalSection
	GlobalSection(ExtensibilityGlobals) = postSolution
		SolutionGuid = {3971E1E7-7D10-4BF6-8E2E-57959B4050A1}
	EndGlobalSection
EndGlobal
