
Microsoft Visual Studio Solution File, Format Version 12.00
# Visual Studio Version 16
VisualStudioVersion = 16.0.30523.141
MinimumVisualStudioVersion = 10.0.40219.1
Project("{FAE04EC0-301F-11D3-BF4B-00C04F79EFBC}") = "CopaFilmesTeste", "CopaFilmesTeste\CopaFilmesTeste.csproj", "{67C9338C-A0A1-4C10-8015-A923B05F56A9}"
EndProject
Project("{9A19103F-16F7-4668-BE54-9A1E7A4F7556}") = "CopaFilmesAPI", "..\CopaFilmesAPI\CopaFilmesAPI.csproj", "{58D7E023-4A8F-4228-973B-E912A07BD715}"
EndProject
Global
	GlobalSection(SolutionConfigurationPlatforms) = preSolution
		Debug|Any CPU = Debug|Any CPU
		Release|Any CPU = Release|Any CPU
	EndGlobalSection
	GlobalSection(ProjectConfigurationPlatforms) = postSolution
		{67C9338C-A0A1-4C10-8015-A923B05F56A9}.Debug|Any CPU.ActiveCfg = Debug|Any CPU
		{67C9338C-A0A1-4C10-8015-A923B05F56A9}.Debug|Any CPU.Build.0 = Debug|Any CPU
		{67C9338C-A0A1-4C10-8015-A923B05F56A9}.Release|Any CPU.ActiveCfg = Release|Any CPU
		{67C9338C-A0A1-4C10-8015-A923B05F56A9}.Release|Any CPU.Build.0 = Release|Any CPU
		{58D7E023-4A8F-4228-973B-E912A07BD715}.Debug|Any CPU.ActiveCfg = Debug|Any CPU
		{58D7E023-4A8F-4228-973B-E912A07BD715}.Debug|Any CPU.Build.0 = Debug|Any CPU
		{58D7E023-4A8F-4228-973B-E912A07BD715}.Release|Any CPU.ActiveCfg = Release|Any CPU
		{58D7E023-4A8F-4228-973B-E912A07BD715}.Release|Any CPU.Build.0 = Release|Any CPU
	EndGlobalSection
	GlobalSection(SolutionProperties) = preSolution
		HideSolutionNode = FALSE
	EndGlobalSection
	GlobalSection(ExtensibilityGlobals) = postSolution
		SolutionGuid = {112C61B1-0AAD-48B3-B341-764FE0A2E9CC}
	EndGlobalSection
EndGlobal
